
Microsoft Visual Studio Solution File, Format Version 12.00
# Visual Studio 14
VisualStudioVersion = 14.0.25420.1
MinimumVisualStudioVersion = 10.0.40219.1
Project("{2150E333-8FDC-42A3-9474-1A3956D46DE8}") = "Application", "Application", "{03ECDAC9-5FA8-4BDA-9DB6-FBC8D75998FB}"
EndProject
Project("{2150E333-8FDC-42A3-9474-1A3956D46DE8}") = "Infrastructure", "Infrastructure", "{166E05EB-6550-4B88-B2E8-8ED553B022FC}"
EndProject
Project("{2150E333-8FDC-42A3-9474-1A3956D46DE8}") = "Domain", "Domain", "{80295878-1233-4B30-864A-49A2C6EEFD76}"
EndProject
Project("{2150E333-8FDC-42A3-9474-1A3956D46DE8}") = "Specification", "Specification", "{0165A89E-2732-47BD-9A5A-89A7CBE83B5E}"
EndProject
Project("{2150E333-8FDC-42A3-9474-1A3956D46DE8}") = "Presentation", "Presentation", "{95821400-63AE-4EE0-B5ED-9445A4052444}"
EndProject
Project("{2150E333-8FDC-42A3-9474-1A3956D46DE8}") = "Persistence", "Persistence", "{58BCF9BC-2312-4B23-87F9-B91BE2B3DBD4}"
EndProject
Project("{2150E333-8FDC-42A3-9474-1A3956D46DE8}") = "Common", "Common", "{FA958F56-74CA-4151-BD92-9B0274FF8B7D}"
EndProject
Project("{2150E333-8FDC-42A3-9474-1A3956D46DE8}") = "Users", "Users", "{CEB41C29-9271-43E3-A85D-85E14EA6F21C}"
EndProject
Project("{2150E333-8FDC-42A3-9474-1A3956D46DE8}") = "Reservation", "Reservation", "{7820E3B4-386E-45C0-AFAA-7F4ED9417CCF}"
EndProject
Project("{2150E333-8FDC-42A3-9474-1A3956D46DE8}") = "Rooms", "Rooms", "{1374CC3A-A6EA-4690-A1B2-7130CF0B4391}"
EndProject
Project("{2150E333-8FDC-42A3-9474-1A3956D46DE8}") = "Client", "Client", "{F1FE4439-0D69-4A6D-9A57-1C857702851B}"
EndProject
Project("{FAE04EC0-301F-11D3-BF4B-00C04F79EFBC}") = "ResRoom.Presentation.Client.Tests", "Presentation\Client\ResRoom.Presentation.Client.Tests\ResRoom.Presentation.Client.Tests.csproj", "{028ECFE9-5DDC-41F4-B652-1F3A056E161B}"
EndProject
Project("{FAE04EC0-301F-11D3-BF4B-00C04F79EFBC}") = "ResRoom.Presentation.Client", "Presentation\Client\ResRoom.Presentation.Client\ResRoom.Presentation.Client.csproj", "{C7508C14-BD62-4E86-8CFE-0ECAB8FDF342}"
EndProject
Global
	GlobalSection(SolutionConfigurationPlatforms) = preSolution
		Debug|Any CPU = Debug|Any CPU
		Release|Any CPU = Release|Any CPU
	EndGlobalSection
	GlobalSection(ProjectConfigurationPlatforms) = postSolution
		{028ECFE9-5DDC-41F4-B652-1F3A056E161B}.Debug|Any CPU.ActiveCfg = Debug|Any CPU
		{028ECFE9-5DDC-41F4-B652-1F3A056E161B}.Debug|Any CPU.Build.0 = Debug|Any CPU
		{028ECFE9-5DDC-41F4-B652-1F3A056E161B}.Release|Any CPU.ActiveCfg = Release|Any CPU
		{028ECFE9-5DDC-41F4-B652-1F3A056E161B}.Release|Any CPU.Build.0 = Release|Any CPU
		{C7508C14-BD62-4E86-8CFE-0ECAB8FDF342}.Debug|Any CPU.ActiveCfg = Debug|Any CPU
		{C7508C14-BD62-4E86-8CFE-0ECAB8FDF342}.Debug|Any CPU.Build.0 = Debug|Any CPU
		{C7508C14-BD62-4E86-8CFE-0ECAB8FDF342}.Release|Any CPU.ActiveCfg = Release|Any CPU
		{C7508C14-BD62-4E86-8CFE-0ECAB8FDF342}.Release|Any CPU.Build.0 = Release|Any CPU
	EndGlobalSection
	GlobalSection(SolutionProperties) = preSolution
		HideSolutionNode = FALSE
	EndGlobalSection
	GlobalSection(NestedProjects) = preSolution
		{CEB41C29-9271-43E3-A85D-85E14EA6F21C} = {80295878-1233-4B30-864A-49A2C6EEFD76}
		{7820E3B4-386E-45C0-AFAA-7F4ED9417CCF} = {80295878-1233-4B30-864A-49A2C6EEFD76}
		{1374CC3A-A6EA-4690-A1B2-7130CF0B4391} = {80295878-1233-4B30-864A-49A2C6EEFD76}
		{F1FE4439-0D69-4A6D-9A57-1C857702851B} = {95821400-63AE-4EE0-B5ED-9445A4052444}
		{028ECFE9-5DDC-41F4-B652-1F3A056E161B} = {F1FE4439-0D69-4A6D-9A57-1C857702851B}
		{C7508C14-BD62-4E86-8CFE-0ECAB8FDF342} = {F1FE4439-0D69-4A6D-9A57-1C857702851B}
	EndGlobalSection
EndGlobal
